{
  "name": "rebalance-test",
  "version": "1.0.0",
  "lockfileVersion": 2,
  "requires": true,
  "packages": {
    "": {
      "name": "rebalance-test",
      "version": "1.0.0",
      "license": "ISC",
      "dependencies": {
        "kafkajs": "github:andrewreineke/kafkajs#1.12-with-setImmediate"
      }
    },
    "node_modules/kafkajs": {
      "version": "1.12.0",
      "resolved": "git+ssh://git@github.com/andrewreineke/kafkajs.git#ba423c1e040666546a6376a7e4b9e133cf7016c5",
      "license": "MIT",
      "dependencies": {
        "long": "^4.0.0"
      },
      "engines": {
        "node": ">=8.6.0"
      }
    },
    "node_modules/long": {
      "version": "4.0.0",
      "resolved": "https://registry.npmjs.org/long/-/long-4.0.0.tgz",
      "integrity": "sha512-XsP+KhQif4bjX1kbuSiySJFNAehNxgLb6hPRGJ9QsUr8ajHkuXGdrHmFUTUUXhDwVX2R5bY4JNZEwbUiMhV+MA=="
    }
  },
  "dependencies": {
    "kafkajs": {
      "version": "git+ssh://git@github.com/andrewreineke/kafkajs.git#ba423c1e040666546a6376a7e4b9e133cf7016c5",
      "from": "kafkajs@github:andrewreineke/kafkajs#1.12-with-setImmediate",
      "requires": {
        "long": "^4.0.0"
      }
    },
    "long": {
      "version": "4.0.0",
      "resolved": "https://registry.npmjs.org/long/-/long-4.0.0.tgz",
      "integrity": "sha512-XsP+KhQif4bjX1kbuSiySJFNAehNxgLb6hPRGJ9QsUr8ajHkuXGdrHmFUTUUXhDwVX2R5bY4JNZEwbUiMhV+MA=="
    }
  }
}
